
Microsoft Visual Studio Solution File, Format Version 12.00
# Visual Studio 15
VisualStudioVersion = 15.0.27130.2036
MinimumVisualStudioVersion = 10.0.40219.1
Project("{FAE04EC0-301F-11D3-BF4B-00C04F79EFBC}") = "GrimIAPrinter", "GrimIAPrinter\GrimIAPrinter.csproj", "{BCBD6961-7175-4B1E-9412-F35EB9EDF72A}"
EndProject
Project("{FAE04EC0-301F-11D3-BF4B-00C04F79EFBC}") = "IAPrinter", "IAPrinter\IAPrinter.csproj", "{F6D372D5-AEA5-4191-AC12-D52C81F0499E}"
EndProject
Global
	GlobalSection(SolutionConfigurationPlatforms) = preSolution
		Debug|Any CPU = Debug|Any CPU
		Release|Any CPU = Release|Any CPU
	EndGlobalSection
	GlobalSection(ProjectConfigurationPlatforms) = postSolution
		{BCBD6961-7175-4B1E-9412-F35EB9EDF72A}.Debug|Any CPU.ActiveCfg = Debug|Any CPU
		{BCBD6961-7175-4B1E-9412-F35EB9EDF72A}.Debug|Any CPU.Build.0 = Debug|Any CPU
		{BCBD6961-7175-4B1E-9412-F35EB9EDF72A}.Release|Any CPU.ActiveCfg = Release|Any CPU
		{BCBD6961-7175-4B1E-9412-F35EB9EDF72A}.Release|Any CPU.Build.0 = Release|Any CPU
		{F6D372D5-AEA5-4191-AC12-D52C81F0499E}.Debug|Any CPU.ActiveCfg = Debug|Any CPU
		{F6D372D5-AEA5-4191-AC12-D52C81F0499E}.Debug|Any CPU.Build.0 = Debug|Any CPU
		{F6D372D5-AEA5-4191-AC12-D52C81F0499E}.Release|Any CPU.ActiveCfg = Release|Any CPU
		{F6D372D5-AEA5-4191-AC12-D52C81F0499E}.Release|Any CPU.Build.0 = Release|Any CPU
	EndGlobalSection
	GlobalSection(SolutionProperties) = preSolution
		HideSolutionNode = FALSE
	EndGlobalSection
	GlobalSection(ExtensibilityGlobals) = postSolution
		SolutionGuid = {6D3EAE9F-49C1-436F-B927-203203B79377}
	EndGlobalSection
EndGlobal
